
Microsoft Visual Studio Solution File, Format Version 12.00
# Visual Studio Version 17
VisualStudioVersion = 17.11.35312.102
MinimumVisualStudioVersion = 10.0.40219.1
Project("{FAE04EC0-301F-11D3-BF4B-00C04F79EFBC}") = "Loops", "Loops\Loops.csproj", "{C9D45F7A-EC5D-4242-BE7A-8CD1C7D29F12}"
EndProject
Global
	GlobalSection(SolutionConfigurationPlatforms) = preSolution
		Debug|Any CPU = Debug|Any CPU
		Release|Any CPU = Release|Any CPU
	EndGlobalSection
	GlobalSection(ProjectConfigurationPlatforms) = postSolution
		{C9D45F7A-EC5D-4242-BE7A-8CD1C7D29F12}.Debug|Any CPU.ActiveCfg = Debug|Any CPU
		{C9D45F7A-EC5D-4242-BE7A-8CD1C7D29F12}.Debug|Any CPU.Build.0 = Debug|Any CPU
		{C9D45F7A-EC5D-4242-BE7A-8CD1C7D29F12}.Release|Any CPU.ActiveCfg = Release|Any CPU
		{C9D45F7A-EC5D-4242-BE7A-8CD1C7D29F12}.Release|Any CPU.Build.0 = Release|Any CPU
	EndGlobalSection
	GlobalSection(SolutionProperties) = preSolution
		HideSolutionNode = FALSE
	EndGlobalSection
	GlobalSection(ExtensibilityGlobals) = postSolution
		SolutionGuid = {2F391E6A-375C-4B71-BB83-22BE682FD076}
	EndGlobalSection
EndGlobal
